
Microsoft Visual Studio Solution File, Format Version 12.00
# Visual Studio Version 16
VisualStudioVersion = 16.0.31410.357
MinimumVisualStudioVersion = 10.0.40219.1
Project("{2150E333-8FDC-42A3-9474-1A3956D46DE8}") = "1_WinCC_C_VBS_HTTP_Clients", "1_WinCC_C_VBS_HTTP_Clients", "{DF8D3A21-B407-4062-ADB9-53A7B82088EE}"
EndProject
Project("{2150E333-8FDC-42A3-9474-1A3956D46DE8}") = "2_P2P", "2_P2P", "{01E89A82-8D22-4CDF-84D2-87163BBBF832}"
EndProject
Project("{2150E333-8FDC-42A3-9474-1A3956D46DE8}") = "C", "C", "{A23F0A15-7465-40E4-B332-565EEFA22D1F}"
	ProjectSection(SolutionItems) = preProject
		1_WinCC_C_VBS_HTTP_Clients\C\gmsgfunc.fct = 1_WinCC_C_VBS_HTTP_Clients\C\gmsgfunc.fct
		1_WinCC_C_VBS_HTTP_Clients\C\ReadMe.txt = 1_WinCC_C_VBS_HTTP_Clients\C\ReadMe.txt
	EndProjectSection
EndProject
Project("{2150E333-8FDC-42A3-9474-1A3956D46DE8}") = "VBS", "VBS", "{F8E7376D-38C8-44DD-943A-EC324D08E6F2}"
	ProjectSection(SolutionItems) = preProject
		1_WinCC_C_VBS_HTTP_Clients\VBS\ReadMe.txt = 1_WinCC_C_VBS_HTTP_Clients\VBS\ReadMe.txt
	EndProjectSection
EndProject
Project("{8BC9CEB8-8B4A-11D0-8D11-00A0C91BC942}") = "WinCC_HTTP_POST_Client", "1_WinCC_C_VBS_HTTP_Clients\C\WinCC_HTTP_POST_Client\WinCC_HTTP_POST_Client.vcxproj", "{AD62083D-0798-4316-8CC5-126F1C1174F7}"
EndProject
Project("{FAE04EC0-301F-11D3-BF4B-00C04F79EFBC}") = "WinCC_REST_API_P2P", "2_P2P\WinCC_REST_API_P2P\WinCC_REST_API_P2P.csproj", "{85D4B424-D53F-437D-99C6-422C8581637A}"
EndProject
Project("{FAE04EC0-301F-11D3-BF4B-00C04F79EFBC}") = "Remote_REST_API_P2P", "2_P2P\Remote_REST_API_P2P\Remote_REST_API_P2P.csproj", "{6D2A99F1-DC3D-43FD-9DC1-3733CAB257B3}"
EndProject
Global
	GlobalSection(SolutionConfigurationPlatforms) = preSolution
		Debug|Any CPU = Debug|Any CPU
		Debug|x64 = Debug|x64
		Debug|x86 = Debug|x86
		Release|Any CPU = Release|Any CPU
		Release|x64 = Release|x64
		Release|x86 = Release|x86
	EndGlobalSection
	GlobalSection(ProjectConfigurationPlatforms) = postSolution
		{AD62083D-0798-4316-8CC5-126F1C1174F7}.Debug|Any CPU.ActiveCfg = Debug|Win32
		{AD62083D-0798-4316-8CC5-126F1C1174F7}.Debug|x64.ActiveCfg = Debug|x64
		{AD62083D-0798-4316-8CC5-126F1C1174F7}.Debug|x64.Build.0 = Debug|x64
		{AD62083D-0798-4316-8CC5-126F1C1174F7}.Debug|x86.ActiveCfg = Debug|Win32
		{AD62083D-0798-4316-8CC5-126F1C1174F7}.Debug|x86.Build.0 = Debug|Win32
		{AD62083D-0798-4316-8CC5-126F1C1174F7}.Release|Any CPU.ActiveCfg = Release|Win32
		{AD62083D-0798-4316-8CC5-126F1C1174F7}.Release|x64.ActiveCfg = Release|x64
		{AD62083D-0798-4316-8CC5-126F1C1174F7}.Release|x64.Build.0 = Release|x64
		{AD62083D-0798-4316-8CC5-126F1C1174F7}.Release|x86.ActiveCfg = Release|Win32
		{AD62083D-0798-4316-8CC5-126F1C1174F7}.Release|x86.Build.0 = Release|Win32
		{85D4B424-D53F-437D-99C6-422C8581637A}.Debug|Any CPU.ActiveCfg = Debug|Any CPU
		{85D4B424-D53F-437D-99C6-422C8581637A}.Debug|Any CPU.Build.0 = Debug|Any CPU
		{85D4B424-D53F-437D-99C6-422C8581637A}.Debug|x64.ActiveCfg = Debug|Any CPU
		{85D4B424-D53F-437D-99C6-422C8581637A}.Debug|x64.Build.0 = Debug|Any CPU
		{85D4B424-D53F-437D-99C6-422C8581637A}.Debug|x86.ActiveCfg = Debug|Any CPU
		{85D4B424-D53F-437D-99C6-422C8581637A}.Debug|x86.Build.0 = Debug|Any CPU
		{85D4B424-D53F-437D-99C6-422C8581637A}.Release|Any CPU.ActiveCfg = Release|Any CPU
		{85D4B424-D53F-437D-99C6-422C8581637A}.Release|Any CPU.Build.0 = Release|Any CPU
		{85D4B424-D53F-437D-99C6-422C8581637A}.Release|x64.ActiveCfg = Release|Any CPU
		{85D4B424-D53F-437D-99C6-422C8581637A}.Release|x64.Build.0 = Release|Any CPU
		{85D4B424-D53F-437D-99C6-422C8581637A}.Release|x86.ActiveCfg = Release|Any CPU
		{85D4B424-D53F-437D-99C6-422C8581637A}.Release|x86.Build.0 = Release|Any CPU
		{6D2A99F1-DC3D-43FD-9DC1-3733CAB257B3}.Debug|Any CPU.ActiveCfg = Debug|Any CPU
		{6D2A99F1-DC3D-43FD-9DC1-3733CAB257B3}.Debug|Any CPU.Build.0 = Debug|Any CPU
		{6D2A99F1-DC3D-43FD-9DC1-3733CAB257B3}.Debug|x64.ActiveCfg = Debug|Any CPU
		{6D2A99F1-DC3D-43FD-9DC1-3733CAB257B3}.Debug|x64.Build.0 = Debug|Any CPU
		{6D2A99F1-DC3D-43FD-9DC1-3733CAB257B3}.Debug|x86.ActiveCfg = Debug|Any CPU
		{6D2A99F1-DC3D-43FD-9DC1-3733CAB257B3}.Debug|x86.Build.0 = Debug|Any CPU
		{6D2A99F1-DC3D-43FD-9DC1-3733CAB257B3}.Release|Any CPU.ActiveCfg = Release|Any CPU
		{6D2A99F1-DC3D-43FD-9DC1-3733CAB257B3}.Release|Any CPU.Build.0 = Release|Any CPU
		{6D2A99F1-DC3D-43FD-9DC1-3733CAB257B3}.Release|x64.ActiveCfg = Release|Any CPU
		{6D2A99F1-DC3D-43FD-9DC1-3733CAB257B3}.Release|x64.Build.0 = Release|Any CPU
		{6D2A99F1-DC3D-43FD-9DC1-3733CAB257B3}.Release|x86.ActiveCfg = Release|Any CPU
		{6D2A99F1-DC3D-43FD-9DC1-3733CAB257B3}.Release|x86.Build.0 = Release|Any CPU
	EndGlobalSection
	GlobalSection(SolutionProperties) = preSolution
		HideSolutionNode = FALSE
	EndGlobalSection
	GlobalSection(NestedProjects) = preSolution
		{A23F0A15-7465-40E4-B332-565EEFA22D1F} = {DF8D3A21-B407-4062-ADB9-53A7B82088EE}
		{F8E7376D-38C8-44DD-943A-EC324D08E6F2} = {DF8D3A21-B407-4062-ADB9-53A7B82088EE}
		{AD62083D-0798-4316-8CC5-126F1C1174F7} = {A23F0A15-7465-40E4-B332-565EEFA22D1F}
		{85D4B424-D53F-437D-99C6-422C8581637A} = {01E89A82-8D22-4CDF-84D2-87163BBBF832}
		{6D2A99F1-DC3D-43FD-9DC1-3733CAB257B3} = {01E89A82-8D22-4CDF-84D2-87163BBBF832}
	EndGlobalSection
	GlobalSection(ExtensibilityGlobals) = postSolution
		SolutionGuid = {C2E8F29B-4546-46D5-8E62-C84C76830927}
	EndGlobalSection
EndGlobal
